
Microsoft Visual Studio Solution File, Format Version 12.00
# Visual Studio Version 17
VisualStudioVersion = 17.2.32526.322
MinimumVisualStudioVersion = 10.0.40219.1
Project("{FAE04EC0-301F-11D3-BF4B-00C04F79EFBC}") = "ForecastEvaluator", "ForecastEvaluator\ForecastEvaluator.csproj", "{01C07468-2F90-412D-BBD7-A10F2A2BD065}"
EndProject
Global
	GlobalSection(SolutionConfigurationPlatforms) = preSolution
		Debug|Any CPU = Debug|Any CPU
		Release|Any CPU = Release|Any CPU
	EndGlobalSection
	GlobalSection(ProjectConfigurationPlatforms) = postSolution
		{01C07468-2F90-412D-BBD7-A10F2A2BD065}.Debug|Any CPU.ActiveCfg = Debug|Any CPU
		{01C07468-2F90-412D-BBD7-A10F2A2BD065}.Debug|Any CPU.Build.0 = Debug|Any CPU
		{01C07468-2F90-412D-BBD7-A10F2A2BD065}.Release|Any CPU.ActiveCfg = Release|Any CPU
		{01C07468-2F90-412D-BBD7-A10F2A2BD065}.Release|Any CPU.Build.0 = Release|Any CPU
	EndGlobalSection
	GlobalSection(SolutionProperties) = preSolution
		HideSolutionNode = FALSE
	EndGlobalSection
	GlobalSection(ExtensibilityGlobals) = postSolution
		SolutionGuid = {1531540F-D5C2-4D91-8F30-A798C05D05A7}
	EndGlobalSection
EndGlobal
